// !$*UTF8*$!
{
	archiveVersion = 1;
	classes = {
	};
	objectVersion = 56;
	objects = {

/* Begin PBXBuildFile section */
		8C26F03F295433FC002869B1 /* SwiftUI_LearningApp.swift in Sources */ = {isa = PBXBuildFile; fileRef = 8C26F03E295433FC002869B1 /* SwiftUI_LearningApp.swift */; };
		8C26F041295433FC002869B1 /* ContentView.swift in Sources */ = {isa = PBXBuildFile; fileRef = 8C26F040295433FC002869B1 /* ContentView.swift */; };
		8C26F043295433FD002869B1 /* Assets.xcassets in Resources */ = {isa = PBXBuildFile; fileRef = 8C26F042295433FD002869B1 /* Assets.xcassets */; };
		8C26F046295433FD002869B1 /* Preview Assets.xcassets in Resources */ = {isa = PBXBuildFile; fileRef = 8C26F045295433FD002869B1 /* Preview Assets.xcassets */; };
		8C26F048295433FD002869B1 /* Persistence.swift in Sources */ = {isa = PBXBuildFile; fileRef = 8C26F047295433FD002869B1 /* Persistence.swift */; };
		8C26F04B295433FD002869B1 /* SwiftUI_Learning.xcdatamodeld in Sources */ = {isa = PBXBuildFile; fileRef = 8C26F049295433FD002869B1 /* SwiftUI_Learning.xcdatamodeld */; };
		8C26F055295433FE002869B1 /* SwiftUI_LearningTests.swift in Sources */ = {isa = PBXBuildFile; fileRef = 8C26F054295433FE002869B1 /* SwiftUI_LearningTests.swift */; };
		8C26F05F295433FE002869B1 /* SwiftUI_LearningUITests.swift in Sources */ = {isa = PBXBuildFile; fileRef = 8C26F05E295433FE002869B1 /* SwiftUI_LearningUITests.swift */; };
		8C26F061295433FE002869B1 /* SwiftUI_LearningUITestsLaunchTests.swift in Sources */ = {isa = PBXBuildFile; fileRef = 8C26F060295433FE002869B1 /* SwiftUI_LearningUITestsLaunchTests.swift */; };
/* End PBXBuildFile section */

/* Begin PBXContainerItemProxy section */
		8C26F051295433FE002869B1 /* PBXContainerItemProxy */ = {
			isa = PBXContainerItemProxy;
			containerPortal = 8C26F033295433FC002869B1 /* Project object */;
			proxyType = 1;
			remoteGlobalIDString = 8C26F03A295433FC002869B1;
			remoteInfo = SwiftUI_Learning;
		};
		8C26F05B295433FE002869B1 /* PBXContainerItemProxy */ = {
			isa = PBXContainerItemProxy;
			containerPortal = 8C26F033295433FC002869B1 /* Project object */;
			proxyType = 1;
			remoteGlobalIDString = 8C26F03A295433FC002869B1;
			remoteInfo = SwiftUI_Learning;
		};
/* End PBXContainerItemProxy section */

/* Begin PBXFileReference section */
		8C26F03B295433FC002869B1 /* SwiftUI_Learning.app */ = {isa = PBXFileReference; explicitFileType = wrapper.application; includeInIndex = 0; path = SwiftUI_Learning.app; sourceTree = BUILT_PRODUCTS_DIR; };
		8C26F03E295433FC002869B1 /* SwiftUI_LearningApp.swift */ = {isa = PBXFileReference; lastKnownFileType = sourcecode.swift; path = SwiftUI_LearningApp.swift; sourceTree = "<group>"; };
		8C26F040295433FC002869B1 /* ContentView.swift */ = {isa = PBXFileReference; lastKnownFileType = sourcecode.swift; path = ContentView.swift; sourceTree = "<group>"; };
		8C26F042295433FD002869B1 /* Assets.xcassets */ = {isa = PBXFileReference; lastKnownFileType = folder.assetcatalog; path = Assets.xcassets; sourceTree = "<group>"; };
		8C26F045295433FD002869B1 /* Preview Assets.xcassets */ = {isa = PBXFileReference; lastKnownFileType = folder.assetcatalog; path = "Preview Assets.xcassets"; sourceTree = "<group>"; };
		8C26F047295433FD002869B1 /* Persistence.swift */ = {isa = PBXFileReference; lastKnownFileType = sourcecode.swift; path = Persistence.swift; sourceTree = "<group>"; };
		8C26F04A295433FD002869B1 /* SwiftUI_Learning.xcdatamodel */ = {isa = PBXFileReference; lastKnownFileType = wrapper.xcdatamodel; path = SwiftUI_Learning.xcdatamodel; sourceTree = "<group>"; };
		8C26F050295433FE002869B1 /* SwiftUI_LearningTests.xctest */ = {isa = PBXFileReference; explicitFileType = wrapper.cfbundle; includeInIndex = 0; path = SwiftUI_LearningTests.xctest; sourceTree = BUILT_PRODUCTS_DIR; };
		8C26F054295433FE002869B1 /* SwiftUI_LearningTests.swift */ = {isa = PBXFileReference; lastKnownFileType = sourcecode.swift; path = SwiftUI_LearningTests.swift; sourceTree = "<group>"; };
		8C26F05A295433FE002869B1 /* SwiftUI_LearningUITests.xctest */ = {isa = PBXFileReference; explicitFileType = wrapper.cfbundle; includeInIndex = 0; path = SwiftUI_LearningUITests.xctest; sourceTree = BUILT_PRODUCTS_DIR; };
		8C26F05E295433FE002869B1 /* SwiftUI_LearningUITests.swift */ = {isa = PBXFileReference; lastKnownFileType = sourcecode.swift; path = SwiftUI_LearningUITests.swift; sourceTree = "<group>"; };
		8C26F060295433FE002869B1 /* SwiftUI_LearningUITestsLaunchTests.swift */ = {isa = PBXFileReference; lastKnownFileType = sourcecode.swift; path = SwiftUI_LearningUITestsLaunchTests.swift; sourceTree = "<group>"; };
/* End PBXFileReference section */

/* Begin PBXFrameworksBuildPhase section */
		8C26F038295433FC002869B1 /* Frameworks */ = {
			isa = PBXFrameworksBuildPhase;
			buildActionMask = 2147483647;
			files = (
			);
			runOnlyForDeploymentPostprocessing = 0;
		};
		8C26F04D295433FE002869B1 /* Frameworks */ = {
			isa = PBXFrameworksBuildPhase;
			buildActionMask = 2147483647;
			files = (
			);
			runOnlyForDeploymentPostprocessing = 0;
		};
		8C26F057295433FE002869B1 /* Frameworks */ = {
			isa = PBXFrameworksBuildPhase;
			buildActionMask = 2147483647;
			files = (
			);
			runOnlyForDeploymentPostprocessing = 0;
		};
/* End PBXFrameworksBuildPhase section */

/* Begin PBXGroup section */
		8C26F032295433FC002869B1 = {
			isa = PBXGroup;
			children = (
				8C26F03D295433FC002869B1 /* SwiftUI_Learning */,
				8C26F053295433FE002869B1 /* SwiftUI_LearningTests */,
				8C26F05D295433FE002869B1 /* SwiftUI_LearningUITests */,
				8C26F03C295433FC002869B1 /* Products */,
			);
			sourceTree = "<group>";
		};
		8C26F03C295433FC002869B1 /* Products */ = {
			isa = PBXGroup;
			children = (
				8C26F03B295433FC002869B1 /* SwiftUI_Learning.app */,
				8C26F050295433FE002869B1 /* SwiftUI_LearningTests.xctest */,
				8C26F05A295433FE002869B1 /* SwiftUI_LearningUITests.xctest */,
			);
			name = Products;
			sourceTree = "<group>";
		};
		8C26F03D295433FC002869B1 /* SwiftUI_Learning */ = {
			isa = PBXGroup;
			children = (
				8C26F03E295433FC002869B1 /* SwiftUI_LearningApp.swift */,
				8C26F040295433FC002869B1 /* ContentView.swift */,
				8C26F042295433FD002869B1 /* Assets.xcassets */,
				8C26F047295433FD002869B1 /* Persistence.swift */,
				8C26F049295433FD002869B1 /* SwiftUI_Learning.xcdatamodeld */,
				8C26F044295433FD002869B1 /* Preview Content */,
			);
			path = SwiftUI_Learning;
			sourceTree = "<group>";
		};
		8C26F044295433FD002869B1 /* Preview Content */ = {
			isa = PBXGroup;
			children = (
				8C26F045295433FD002869B1 /* Preview Assets.xcassets */,
			);
			path = "Preview Content";
			sourceTree = "<group>";
		};
		8C26F053295433FE002869B1 /* SwiftUI_LearningTests */ = {
			isa = PBXGroup;
			children = (
				8C26F054295433FE002869B1 /* SwiftUI_LearningTests.swift */,
			);
			path = SwiftUI_LearningTests;
			sourceTree = "<group>";
		};
		8C26F05D295433FE002869B1 /* SwiftUI_LearningUITests */ = {
			isa = PBXGroup;
			children = (
				8C26F05E295433FE002869B1 /* SwiftUI_LearningUITests.swift */,
				8C26F060295433FE002869B1 /* SwiftUI_LearningUITestsLaunchTests.swift */,
			);
			path = SwiftUI_LearningUITests;
			sourceTree = "<group>";
		};
/* End PBXGroup section */

/* Begin PBXNativeTarget section */
		8C26F03A295433FC002869B1 /* SwiftUI_Learning */ = {
			isa = PBXNativeTarget;
			buildConfigurationList = 8C26F064295433FE002869B1 /* Build configuration list for PBXNativeTarget "SwiftUI_Learning" */;
			buildPhases = (
				8C26F037295433FC002869B1 /* Sources */,
				8C26F038295433FC002869B1 /* Frameworks */,
				8C26F039295433FC002869B1 /* Resources */,
			);
			buildRules = (
			);
			dependencies = (
			);
			name = SwiftUI_Learning;
			productName = SwiftUI_Learning;
			productReference = 8C26F03B295433FC002869B1 /* SwiftUI_Learning.app */;
			productType = "com.apple.product-type.application";
		};
		8C26F04F295433FE002869B1 /* SwiftUI_LearningTests */ = {
			isa = PBXNativeTarget;
			buildConfigurationList = 8C26F067295433FE002869B1 /* Build configuration list for PBXNativeTarget "SwiftUI_LearningTests" */;
			buildPhases = (
				8C26F04C295433FE002869B1 /* Sources */,
				8C26F04D295433FE002869B1 /* Frameworks */,
				8C26F04E295433FE002869B1 /* Resources */,
			);
			buildRules = (
			);
			dependencies = (
				8C26F052295433FE002869B1 /* PBXTargetDependency */,
			);
			name = SwiftUI_LearningTests;
			productName = SwiftUI_LearningTests;
			productReference = 8C26F050295433FE002869B1 /* SwiftUI_LearningTests.xctest */;
			productType = "com.apple.product-type.bundle.unit-test";
		};
		8C26F059295433FE002869B1 /* SwiftUI_LearningUITests */ = {
			isa = PBXNativeTarget;
			buildConfigurationList = 8C26F06A295433FE002869B1 /* Build configuration list for PBXNativeTarget "SwiftUI_LearningUITests" */;
			buildPhases = (
				8C26F056295433FE002869B1 /* Sources */,
				8C26F057295433FE002869B1 /* Frameworks */,
				8C26F058295433FE002869B1 /* Resources */,
			);
			buildRules = (
			);
			dependencies = (
				8C26F05C295433FE002869B1 /* PBXTargetDependency */,
			);
			name = SwiftUI_LearningUITests;
			productName = SwiftUI_LearningUITests;
			productReference = 8C26F05A295433FE002869B1 /* SwiftUI_LearningUITests.xctest */;
			productType = "com.apple.product-type.bundle.ui-testing";
		};
/* End PBXNativeTarget section */

/* Begin PBXProject section */
		8C26F033295433FC002869B1 /* Project object */ = {
			isa = PBXProject;
			attributes = {
				BuildIndependentTargetsInParallel = 1;
				LastSwiftUpdateCheck = 1420;
				LastUpgradeCheck = 1420;
				TargetAttributes = {
					8C26F03A295433FC002869B1 = {
						CreatedOnToolsVersion = 14.2;
					};
					8C26F04F295433FE002869B1 = {
						CreatedOnToolsVersion = 14.2;
						TestTargetID = 8C26F03A295433FC002869B1;
					};
					8C26F059295433FE002869B1 = {
						CreatedOnToolsVersion = 14.2;
						TestTargetID = 8C26F03A295433FC002869B1;
					};
				};
			};
			buildConfigurationList = 8C26F036295433FC002869B1 /* Build configuration list for PBXProject "SwiftUI_Learning" */;
			compatibilityVersion = "Xcode 14.0";
			developmentRegion = en;
			hasScannedForEncodings = 0;
			knownRegions = (
				en,
				Base,
			);
			mainGroup = 8C26F032295433FC002869B1;
			productRefGroup = 8C26F03C295433FC002869B1 /* Products */;
			projectDirPath = "";
			projectRoot = "";
			targets = (
				8C26F03A295433FC002869B1 /* SwiftUI_Learning */,
				8C26F04F295433FE002869B1 /* SwiftUI_LearningTests */,
				8C26F059295433FE002869B1 /* SwiftUI_LearningUITests */,
			);
		};
/* End PBXProject section */

/* Begin PBXResourcesBuildPhase section */
		8C26F039295433FC002869B1 /* Resources */ = {
			isa = PBXResourcesBuildPhase;
			buildActionMask = 2147483647;
			files = (
				8C26F046295433FD002869B1 /* Preview Assets.xcassets in Resources */,
				8C26F043295433FD002869B1 /* Assets.xcassets in Resources */,
			);
			runOnlyForDeploymentPostprocessing = 0;
		};
		8C26F04E295433FE002869B1 /* Resources */ = {
			isa = PBXResourcesBuildPhase;
			buildActionMask = 2147483647;
			files = (
			);
			runOnlyForDeploymentPostprocessing = 0;
		};
		8C26F058295433FE002869B1 /* Resources */ = {
			isa = PBXResourcesBuildPhase;
			buildActionMask = 2147483647;
			files = (
			);
			runOnlyForDeploymentPostprocessing = 0;
		};
/* End PBXResourcesBuildPhase section */

/* Begin PBXSourcesBuildPhase section */
		8C26F037295433FC002869B1 /* Sources */ = {
			isa = PBXSourcesBuildPhase;
			buildActionMask = 2147483647;
			files = (
				8C26F048295433FD002869B1 /* Persistence.swift in Sources */,
				8C26F041295433FC002869B1 /* ContentView.swift in Sources */,
				8C26F03F295433FC002869B1 /* SwiftUI_LearningApp.swift in Sources */,
				8C26F04B295433FD002869B1 /* SwiftUI_Learning.xcdatamodeld in Sources */,
			);
			runOnlyForDeploymentPostprocessing = 0;
		};
		8C26F04C295433FE002869B1 /* Sources */ = {
			isa = PBXSourcesBuildPhase;
			buildActionMask = 2147483647;
			files = (
				8C26F055295433FE002869B1 /* SwiftUI_LearningTests.swift in Sources */,
			);
			runOnlyForDeploymentPostprocessing = 0;
		};
		8C26F056295433FE002869B1 /* Sources */ = {
			isa = PBXSourcesBuildPhase;
			buildActionMask = 2147483647;
			files = (
				8C26F061295433FE002869B1 /* SwiftUI_LearningUITestsLaunchTests.swift in Sources */,
				8C26F05F295433FE002869B1 /* SwiftUI_LearningUITests.swift in Sources */,
			);
			runOnlyForDeploymentPostprocessing = 0;
		};
/* End PBXSourcesBuildPhase section */

/* Begin PBXTargetDependency section */
		8C26F052295433FE002869B1 /* PBXTargetDependency */ = {
			isa = PBXTargetDependency;
			target = 8C26F03A295433FC002869B1 /* SwiftUI_Learning */;
			targetProxy = 8C26F051295433FE002869B1 /* PBXContainerItemProxy */;
		};
		8C26F05C295433FE002869B1 /* PBXTargetDependency */ = {
			isa = PBXTargetDependency;
			target = 8C26F03A295433FC002869B1 /* SwiftUI_Learning */;
			targetProxy = 8C26F05B295433FE002869B1 /* PBXContainerItemProxy */;
		};
/* End PBXTargetDependency section */

/* Begin XCBuildConfiguration section */
		8C26F062295433FE002869B1 /* Debug */ = {
			isa = XCBuildConfiguration;
			buildSettings = {
				ALWAYS_SEARCH_USER_PATHS = NO;
				CLANG_ANALYZER_NONNULL = YES;
				CLANG_ANALYZER_NUMBER_OBJECT_CONVERSION = YES_AGGRESSIVE;
				CLANG_CXX_LANGUAGE_STANDARD = "gnu++20";
				CLANG_ENABLE_MODULES = YES;
				CLANG_ENABLE_OBJC_ARC = YES;
				CLANG_ENABLE_OBJC_WEAK = YES;
				CLANG_WARN_BLOCK_CAPTURE_AUTORELEASING = YES;
				CLANG_WARN_BOOL_CONVERSION = YES;
				CLANG_WARN_COMMA = YES;
				CLANG_WARN_CONSTANT_CONVERSION = YES;
				CLANG_WARN_DEPRECATED_OBJC_IMPLEMENTATIONS = YES;
				CLANG_WARN_DIRECT_OBJC_ISA_USAGE = YES_ERROR;
				CLANG_WARN_DOCUMENTATION_COMMENTS = YES;
				CLANG_WARN_EMPTY_BODY = YES;
				CLANG_WARN_ENUM_CONVERSION = YES;
				CLANG_WARN_INFINITE_RECURSION = YES;
				CLANG_WARN_INT_CONVERSION = YES;
				CLANG_WARN_NON_LITERAL_NULL_CONVERSION = YES;
				CLANG_WARN_OBJC_IMPLICIT_RETAIN_SELF = YES;
				CLANG_WARN_OBJC_LITERAL_CONVERSION = YES;
				CLANG_WARN_OBJC_ROOT_CLASS = YES_ERROR;
				CLANG_WARN_QUOTED_INCLUDE_IN_FRAMEWORK_HEADER = YES;
				CLANG_WARN_RANGE_LOOP_ANALYSIS = YES;
				CLANG_WARN_STRICT_PROTOTYPES = YES;
				CLANG_WARN_SUSPICIOUS_MOVE = YES;
				CLANG_WARN_UNGUARDED_AVAILABILITY = YES_AGGRESSIVE;
				CLANG_WARN_UNREACHABLE_CODE = YES;
				CLANG_WARN__DUPLICATE_METHOD_MATCH = YES;
				COPY_PHASE_STRIP = NO;
				DEBUG_INFORMATION_FORMAT = dwarf;
				ENABLE_STRICT_OBJC_MSGSEND = YES;
				ENABLE_TESTABILITY = YES;
				GCC_C_LANGUAGE_STANDARD = gnu11;
				GCC_DYNAMIC_NO_PIC = NO;
				GCC_NO_COMMON_BLOCKS = YES;
				GCC_OPTIMIZATION_LEVEL = 0;
				GCC_PREPROCESSOR_DEFINITIONS = (
					"DEBUG=1",
					"$(inherited)",
				);
				GCC_WARN_64_TO_32_BIT_CONVERSION = YES;
				GCC_WARN_ABOUT_RETURN_TYPE = YES_ERROR;
				GCC_WARN_UNDECLARED_SELECTOR = YES;
				GCC_WARN_UNINITIALIZED_AUTOS = YES_AGGRESSIVE;
				GCC_WARN_UNUSED_FUNCTION = YES;
				GCC_WARN_UNUSED_VARIABLE = YES;
				IPHONEOS_DEPLOYMENT_TARGET = 16.2;
				MTL_ENABLE_DEBUG_INFO = INCLUDE_SOURCE;
				MTL_FAST_MATH = YES;
				ONLY_ACTIVE_ARCH = YES;
				SDKROOT = iphoneos;
				SWIFT_ACTIVE_COMPILATION_CONDITIONS = DEBUG;
				SWIFT_OPTIMIZATION_LEVEL = "-Onone";
			};
			name = Debug;
		};
		8C26F063295433FE002869B1 /* Release */ = {
			isa = XCBuildConfiguration;
			buildSettings = {
				ALWAYS_SEARCH_USER_PATHS = NO;
				CLANG_ANALYZER_NONNULL = YES;
				CLANG_ANALYZER_NUMBER_OBJECT_CONVERSION = YES_AGGRESSIVE;
				CLANG_CXX_LANGUAGE_STANDARD = "gnu++20";
				CLANG_ENABLE_MODULES = YES;
				CLANG_ENABLE_OBJC_ARC = YES;
				CLANG_ENABLE_OBJC_WEAK = YES;
				CLANG_WARN_BLOCK_CAPTURE_AUTORELEASING = YES;
				CLANG_WARN_BOOL_CONVERSION = YES;
				CLANG_WARN_COMMA = YES;
				CLANG_WARN_CONSTANT_CONVERSION = YES;
				CLANG_WARN_DEPRECATED_OBJC_IMPLEMENTATIONS = YES;
				CLANG_WARN_DIRECT_OBJC_ISA_USAGE = YES_ERROR;
				CLANG_WARN_DOCUMENTATION_COMMENTS = YES;
				CLANG_WARN_EMPTY_BODY = YES;
				CLANG_WARN_ENUM_CONVERSION = YES;
				CLANG_WARN_INFINITE_RECURSION = YES;
				CLANG_WARN_INT_CONVERSION = YES;
				CLANG_WARN_NON_LITERAL_NULL_CONVERSION = YES;
				CLANG_WARN_OBJC_IMPLICIT_RETAIN_SELF = YES;
				CLANG_WARN_OBJC_LITERAL_CONVERSION = YES;
				CLANG_WARN_OBJC_ROOT_CLASS = YES_ERROR;
				CLANG_WARN_QUOTED_INCLUDE_IN_FRAMEWORK_HEADER = YES;
				CLANG_WARN_RANGE_LOOP_ANALYSIS = YES;
				CLANG_WARN_STRICT_PROTOTYPES = YES;
				CLANG_WARN_SUSPICIOUS_MOVE = YES;
				CLANG_WARN_UNGUARDED_AVAILABILITY = YES_AGGRESSIVE;
				CLANG_WARN_UNREACHABLE_CODE = YES;
				CLANG_WARN__DUPLICATE_METHOD_MATCH = YES;
				COPY_PHASE_STRIP = NO;
				DEBUG_INFORMATION_FORMAT = "dwarf-with-dsym";
				ENABLE_NS_ASSERTIONS = NO;
				ENABLE_STRICT_OBJC_MSGSEND = YES;
				GCC_C_LANGUAGE_STANDARD = gnu11;
				GCC_NO_COMMON_BLOCKS = YES;
				GCC_WARN_64_TO_32_BIT_CONVERSION = YES;
				GCC_WARN_ABOUT_RETURN_TYPE = YES_ERROR;
				GCC_WARN_UNDECLARED_SELECTOR = YES;
				GCC_WARN_UNINITIALIZED_AUTOS = YES_AGGRESSIVE;
				GCC_WARN_UNUSED_FUNCTION = YES;
				GCC_WARN_UNUSED_VARIABLE = YES;
				IPHONEOS_DEPLOYMENT_TARGET = 16.2;
				MTL_ENABLE_DEBUG_INFO = NO;
				MTL_FAST_MATH = YES;
				SDKROOT = iphoneos;
				SWIFT_COMPILATION_MODE = wholemodule;
				SWIFT_OPTIMIZATION_LEVEL = "-O";
				VALIDATE_PRODUCT = YES;
			};
			name = Release;
		};
		8C26F065295433FE002869B1 /* Debug */ = {
			isa = XCBuildConfiguration;
			buildSettings = {
				ASSETCATALOG_COMPILER_APPICON_NAME = AppIcon;
				ASSETCATALOG_COMPILER_GLOBAL_ACCENT_COLOR_NAME = AccentColor;
				CODE_SIGN_STYLE = Automatic;
				CURRENT_PROJECT_VERSION = 1;
				DEVELOPMENT_ASSET_PATHS = "\"SwiftUI_Learning/Preview Content\"";
				ENABLE_PREVIEWS = YES;
				GENERATE_INFOPLIST_FILE = YES;
				INFOPLIST_KEY_UIApplicationSceneManifest_Generation = YES;
				INFOPLIST_KEY_UIApplicationSupportsIndirectInputEvents = YES;
				INFOPLIST_KEY_UILaunchScreen_Generation = YES;
				INFOPLIST_KEY_UISupportedInterfaceOrientations_iPad = "UIInterfaceOrientationPortrait UIInterfaceOrientationPortraitUpsideDown UIInterfaceOrientationLandscapeLeft UIInterfaceOrientationLandscapeRight";
				INFOPLIST_KEY_UISupportedInterfaceOrientations_iPhone = "UIInterfaceOrientationPortrait UIInterfaceOrientationLandscapeLeft UIInterfaceOrientationLandscapeRight";
				LD_RUNPATH_SEARCH_PATHS = (
					"$(inherited)",
					"@executable_path/Frameworks",
				);
				MARKETING_VERSION = 1.0;
				PRODUCT_BUNDLE_IDENTIFIER = "Hexaview.SwiftUI-Learning";
				PRODUCT_NAME = "$(TARGET_NAME)";
				SWIFT_EMIT_LOC_STRINGS = YES;
				SWIFT_VERSION = 5.0;
				TARGETED_DEVICE_FAMILY = "1,2";
			};
			name = Debug;
		};
		8C26F066295433FE002869B1 /* Release */ = {
			isa = XCBuildConfiguration;
			buildSettings = {
				ASSETCATALOG_COMPILER_APPICON_NAME = AppIcon;
				ASSETCATALOG_COMPILER_GLOBAL_ACCENT_COLOR_NAME = AccentColor;
				CODE_SIGN_STYLE = Automatic;
				CURRENT_PROJECT_VERSION = 1;
				DEVELOPMENT_ASSET_PATHS = "\"SwiftUI_Learning/Preview Content\"";
				ENABLE_PREVIEWS = YES;
				GENERATE_INFOPLIST_FILE = YES;
				INFOPLIST_KEY_UIApplicationSceneManifest_Generation = YES;
				INFOPLIST_KEY_UIApplicationSupportsIndirectInputEvents = YES;
				INFOPLIST_KEY_UILaunchScreen_Generation = YES;
				INFOPLIST_KEY_UISupportedInterfaceOrientations_iPad = "UIInterfaceOrientationPortrait UIInterfaceOrientationPortraitUpsideDown UIInterfaceOrientationLandscapeLeft UIInterfaceOrientationLandscapeRight";
				INFOPLIST_KEY_UISupportedInterfaceOrientations_iPhone = "UIInterfaceOrientationPortrait UIInterfaceOrientationLandscapeLeft UIInterfaceOrientationLandscapeRight";
				LD_RUNPATH_SEARCH_PATHS = (
					"$(inherited)",
					"@executable_path/Frameworks",
				);
				MARKETING_VERSION = 1.0;
				PRODUCT_BUNDLE_IDENTIFIER = "Hexaview.SwiftUI-Learning";
				PRODUCT_NAME = "$(TARGET_NAME)";
				SWIFT_EMIT_LOC_STRINGS = YES;
				SWIFT_VERSION = 5.0;
				TARGETED_DEVICE_FAMILY = "1,2";
			};
			name = Release;
		};
		8C26F068295433FE002869B1 /* Debug */ = {
			isa = XCBuildConfiguration;
			buildSettings = {
				ALWAYS_EMBED_SWIFT_STANDARD_LIBRARIES = YES;
				BUNDLE_LOADER = "$(TEST_HOST)";
				CODE_SIGN_STYLE = Automatic;
				CURRENT_PROJECT_VERSION = 1;
				GENERATE_INFOPLIST_FILE = YES;
				IPHONEOS_DEPLOYMENT_TARGET = 16.2;
				MARKETING_VERSION = 1.0;
				PRODUCT_BUNDLE_IDENTIFIER = "Hexaview.SwiftUI-LearningTests";
				PRODUCT_NAME = "$(TARGET_NAME)";
				SWIFT_EMIT_LOC_STRINGS = NO;
				SWIFT_VERSION = 5.0;
				TARGETED_DEVICE_FAMILY = "1,2";
				TEST_HOST = "$(BUILT_PRODUCTS_DIR)/SwiftUI_Learning.app/$(BUNDLE_EXECUTABLE_FOLDER_PATH)/SwiftUI_Learning";
			};
			name = Debug;
		};
		8C26F069295433FE002869B1 /* Release */ = {
			isa = XCBuildConfiguration;
			buildSettings = {
				ALWAYS_EMBED_SWIFT_STANDARD_LIBRARIES = YES;
				BUNDLE_LOADER = "$(TEST_HOST)";
				CODE_SIGN_STYLE = Automatic;
				CURRENT_PROJECT_VERSION = 1;
				GENERATE_INFOPLIST_FILE = YES;
				IPHONEOS_DEPLOYMENT_TARGET = 16.2;
				MARKETING_VERSION = 1.0;
				PRODUCT_BUNDLE_IDENTIFIER = "Hexaview.SwiftUI-LearningTests";
				PRODUCT_NAME = "$(TARGET_NAME)";
				SWIFT_EMIT_LOC_STRINGS = NO;
				SWIFT_VERSION = 5.0;
				TARGETED_DEVICE_FAMILY = "1,2";
				TEST_HOST = "$(BUILT_PRODUCTS_DIR)/SwiftUI_Learning.app/$(BUNDLE_EXECUTABLE_FOLDER_PATH)/SwiftUI_Learning";
			};
			name = Release;
		};
		8C26F06B295433FE002869B1 /* Debug */ = {
			isa = XCBuildConfiguration;
			buildSettings = {
				ALWAYS_EMBED_SWIFT_STANDARD_LIBRARIES = YES;
				CODE_SIGN_STYLE = Automatic;
				CURRENT_PROJECT_VERSION = 1;
				GENERATE_INFOPLIST_FILE = YES;
				MARKETING_VERSION = 1.0;
				PRODUCT_BUNDLE_IDENTIFIER = "Hexaview.SwiftUI-LearningUITests";
				PRODUCT_NAME = "$(TARGET_NAME)";
				SWIFT_EMIT_LOC_STRINGS = NO;
				SWIFT_VERSION = 5.0;
				TARGETED_DEVICE_FAMILY = "1,2";
				TEST_TARGET_NAME = SwiftUI_Learning;
			};
			name = Debug;
		};
		8C26F06C295433FE002869B1 /* Release */ = {
			isa = XCBuildConfiguration;
			buildSettings = {
				ALWAYS_EMBED_SWIFT_STANDARD_LIBRARIES = YES;
				CODE_SIGN_STYLE = Automatic;
				CURRENT_PROJECT_VERSION = 1;
				GENERATE_INFOPLIST_FILE = YES;
				MARKETING_VERSION = 1.0;
				PRODUCT_BUNDLE_IDENTIFIER = "Hexaview.SwiftUI-LearningUITests";
				PRODUCT_NAME = "$(TARGET_NAME)";
				SWIFT_EMIT_LOC_STRINGS = NO;
				SWIFT_VERSION = 5.0;
				TARGETED_DEVICE_FAMILY = "1,2";
				TEST_TARGET_NAME = SwiftUI_Learning;
			};
			name = Release;
		};
/* End XCBuildConfiguration section */

/* Begin XCConfigurationList section */
		8C26F036295433FC002869B1 /* Build configuration list for PBXProject "SwiftUI_Learning" */ = {
			isa = XCConfigurationList;
			buildConfigurations = (
				8C26F062295433FE002869B1 /* Debug */,
				8C26F063295433FE002869B1 /* Release */,
			);
			defaultConfigurationIsVisible = 0;
			defaultConfigurationName = Release;
		};
		8C26F064295433FE002869B1 /* Build configuration list for PBXNativeTarget "SwiftUI_Learning" */ = {
			isa = XCConfigurationList;
			buildConfigurations = (
				8C26F065295433FE002869B1 /* Debug */,
				8C26F066295433FE002869B1 /* Release */,
			);
			defaultConfigurationIsVisible = 0;
			defaultConfigurationName = Release;
		};
		8C26F067295433FE002869B1 /* Build configuration list for PBXNativeTarget "SwiftUI_LearningTests" */ = {
			isa = XCConfigurationList;
			buildConfigurations = (
				8C26F068295433FE002869B1 /* Debug */,
				8C26F069295433FE002869B1 /* Release */,
			);
			defaultConfigurationIsVisible = 0;
			defaultConfigurationName = Release;
		};
		8C26F06A295433FE002869B1 /* Build configuration list for PBXNativeTarget "SwiftUI_LearningUITests" */ = {
			isa = XCConfigurationList;
			buildConfigurations = (
				8C26F06B295433FE002869B1 /* Debug */,
				8C26F06C295433FE002869B1 /* Release */,
			);
			defaultConfigurationIsVisible = 0;
			defaultConfigurationName = Release;
		};
/* End XCConfigurationList section */

/* Begin XCVersionGroup section */
		8C26F049295433FD002869B1 /* SwiftUI_Learning.xcdatamodeld */ = {
			isa = XCVersionGroup;
			children = (
				8C26F04A295433FD002869B1 /* SwiftUI_Learning.xcdatamodel */,
			);
			currentVersion = 8C26F04A295433FD002869B1 /* SwiftUI_Learning.xcdatamodel */;
			path = SwiftUI_Learning.xcdatamodeld;
			sourceTree = "<group>";
			versionGroupType = wrapper.xcdatamodel;
		};
/* End XCVersionGroup section */
	};
	rootObject = 8C26F033295433FC002869B1 /* Project object */;
}
